
Microsoft Visual Studio Solution File, Format Version 12.00
# Visual Studio Version 17
VisualStudioVersion = 17.6.33829.357
MinimumVisualStudioVersion = 10.0.40219.1
Project("{8BC9CEB8-8B4A-11D0-8D11-00A0C91BC942}") = "Shellcode_Generator_Demo", "Shellcode_Generator_Demo\Shellcode_Generator_Demo.vcxproj", "{9E782720-A8F6-4D00-B50E-8B6F7887CAC5}"
EndProject
Project("{8BC9CEB8-8B4A-11D0-8D11-00A0C91BC942}") = "runShellcode", "runShellcode\runShellcode.vcxproj", "{01BCFE39-28F3-491C-AC60-CD580FA57B01}"
EndProject
Project("{8BC9CEB8-8B4A-11D0-8D11-00A0C91BC942}") = "ShellCode2BOF", "ShellCode2BOF\ShellCode2BOF.vcxproj", "{EC7DBE19-4842-45A2-A939-B6DE86CF419F}"
EndProject
Project("{8BC9CEB8-8B4A-11D0-8D11-00A0C91BC942}") = "vcRunTimeLoadShellcode", "vcRunTimeLoadShellcode\vcRunTimeLoadShellcode.vcxproj", "{650F3D69-267F-4310-A4F7-F9767671CD3B}"
EndProject
Global
	GlobalSection(SolutionConfigurationPlatforms) = preSolution
		Debug|x64 = Debug|x64
		Debug|x86 = Debug|x86
		Release|x64 = Release|x64
		Release|x86 = Release|x86
	EndGlobalSection
	GlobalSection(ProjectConfigurationPlatforms) = postSolution
		{9E782720-A8F6-4D00-B50E-8B6F7887CAC5}.Debug|x64.ActiveCfg = Debug|x64
		{9E782720-A8F6-4D00-B50E-8B6F7887CAC5}.Debug|x64.Build.0 = Debug|x64
		{9E782720-A8F6-4D00-B50E-8B6F7887CAC5}.Debug|x86.ActiveCfg = Debug|Win32
		{9E782720-A8F6-4D00-B50E-8B6F7887CAC5}.Debug|x86.Build.0 = Debug|Win32
		{9E782720-A8F6-4D00-B50E-8B6F7887CAC5}.Release|x64.ActiveCfg = Release|x64
		{9E782720-A8F6-4D00-B50E-8B6F7887CAC5}.Release|x64.Build.0 = Release|x64
		{9E782720-A8F6-4D00-B50E-8B6F7887CAC5}.Release|x86.ActiveCfg = Release|Win32
		{9E782720-A8F6-4D00-B50E-8B6F7887CAC5}.Release|x86.Build.0 = Release|Win32
		{01BCFE39-28F3-491C-AC60-CD580FA57B01}.Debug|x64.ActiveCfg = Debug|x64
		{01BCFE39-28F3-491C-AC60-CD580FA57B01}.Debug|x64.Build.0 = Debug|x64
		{01BCFE39-28F3-491C-AC60-CD580FA57B01}.Debug|x86.ActiveCfg = Debug|Win32
		{01BCFE39-28F3-491C-AC60-CD580FA57B01}.Debug|x86.Build.0 = Debug|Win32
		{01BCFE39-28F3-491C-AC60-CD580FA57B01}.Release|x64.ActiveCfg = Release|x64
		{01BCFE39-28F3-491C-AC60-CD580FA57B01}.Release|x64.Build.0 = Release|x64
		{01BCFE39-28F3-491C-AC60-CD580FA57B01}.Release|x86.ActiveCfg = Release|Win32
		{01BCFE39-28F3-491C-AC60-CD580FA57B01}.Release|x86.Build.0 = Release|Win32
		{EC7DBE19-4842-45A2-A939-B6DE86CF419F}.Debug|x64.ActiveCfg = Debug|x64
		{EC7DBE19-4842-45A2-A939-B6DE86CF419F}.Debug|x64.Build.0 = Debug|x64
		{EC7DBE19-4842-45A2-A939-B6DE86CF419F}.Debug|x86.ActiveCfg = Debug|Win32
		{EC7DBE19-4842-45A2-A939-B6DE86CF419F}.Debug|x86.Build.0 = Debug|Win32
		{EC7DBE19-4842-45A2-A939-B6DE86CF419F}.Release|x64.ActiveCfg = Release|x64
		{EC7DBE19-4842-45A2-A939-B6DE86CF419F}.Release|x64.Build.0 = Release|x64
		{EC7DBE19-4842-45A2-A939-B6DE86CF419F}.Release|x86.ActiveCfg = Release|Win32
		{EC7DBE19-4842-45A2-A939-B6DE86CF419F}.Release|x86.Build.0 = Release|Win32
		{650F3D69-267F-4310-A4F7-F9767671CD3B}.Debug|x64.ActiveCfg = Debug|x64
		{650F3D69-267F-4310-A4F7-F9767671CD3B}.Debug|x64.Build.0 = Debug|x64
		{650F3D69-267F-4310-A4F7-F9767671CD3B}.Debug|x86.ActiveCfg = Debug|Win32
		{650F3D69-267F-4310-A4F7-F9767671CD3B}.Debug|x86.Build.0 = Debug|Win32
		{650F3D69-267F-4310-A4F7-F9767671CD3B}.Release|x64.ActiveCfg = Release|x64
		{650F3D69-267F-4310-A4F7-F9767671CD3B}.Release|x64.Build.0 = Release|x64
		{650F3D69-267F-4310-A4F7-F9767671CD3B}.Release|x86.ActiveCfg = Release|Win32
		{650F3D69-267F-4310-A4F7-F9767671CD3B}.Release|x86.Build.0 = Release|Win32
	EndGlobalSection
	GlobalSection(SolutionProperties) = preSolution
		HideSolutionNode = FALSE
	EndGlobalSection
	GlobalSection(ExtensibilityGlobals) = postSolution
		SolutionGuid = {688C64E4-50A2-4CAF-9DD8-AB981CFA4DC1}
	EndGlobalSection
EndGlobal
